{
  "name": "autohub",
  "version": "1.0.0",
  "lockfileVersion": 1,
  "requires": true,
  "dependencies": {
    "blueimp-canvas-to-blob": {
      "version": "3.14.0",
      "resolved": "https://registry.npmjs.org/blueimp-canvas-to-blob/-/blueimp-canvas-to-blob-3.14.0.tgz",
      "integrity": "sha512-i6I2CiX1VR8YwUNYBo+dM8tg89ns4TTHxSpWjaDeHKcYS3yFalpLCwDaY21/EsJMufLy2tnG4j0JN5L8OVNkKQ=="
    },
    "blueimp-file-upload": {
      "version": "9.30.0",
      "resolved": "https://registry.npmjs.org/blueimp-file-upload/-/blueimp-file-upload-9.30.0.tgz",
      "integrity": "sha512-+xuYMzWREjm2MgQMRlftThDBdP4DklKjC++VihDNW0iwBLfziS4B/BAYGuQxMY8MsxAwVQk3ogxaczsaNVVVEg==",
      "requires": {
        "blueimp-canvas-to-blob": "3.5.0",
        "blueimp-load-image": "2.12.2",
        "blueimp-tmpl": "3.6.0"
      },
      "dependencies": {
        "blueimp-canvas-to-blob": {
          "version": "3.5.0",
          "resolved": "https://registry.npmjs.org/blueimp-canvas-to-blob/-/blueimp-canvas-to-blob-3.5.0.tgz",
          "integrity": "sha1-VnmsMvaig1gh8MOtZhcZ/4WpI2s=",
          "optional": true
        }
      }
    },
    "blueimp-load-image": {
      "version": "2.12.2",
      "resolved": "https://registry.npmjs.org/blueimp-load-image/-/blueimp-load-image-2.12.2.tgz",
      "integrity": "sha1-ahdZiquFjU+/AVQ+BjEUG1EFfIc=",
      "optional": true
    },
    "blueimp-tmpl": {
      "version": "3.6.0",
      "resolved": "https://registry.npmjs.org/blueimp-tmpl/-/blueimp-tmpl-3.6.0.tgz",
      "integrity": "sha1-pJEJddBC4rwDunfw5i0E8VSKUkw=",
      "optional": true
    },
    "cloudinary-jquery-file-upload": {
      "version": "2.6.3",
      "resolved": "https://registry.npmjs.org/cloudinary-jquery-file-upload/-/cloudinary-jquery-file-upload-2.6.3.tgz",
      "integrity": "sha512-9EC4VjE2Tyh+AFHr0Y9sU4rYUlspTlb/JCEdPWXKCTyJ/aqGQrHLVB3WKKPr8UxG1RpmaaIve8EW8Y66EhC9Qg=="
    },
    "jquery": {
      "version": "3.4.0",
      "resolved": "https://registry.npmjs.org/jquery/-/jquery-3.4.0.tgz",
      "integrity": "sha512-ggRCXln9zEqv6OqAGXFEcshF5dSBvCkzj6Gm2gzuR5fWawaX8t7cxKVkkygKODrDAzKdoYw3l/e3pm3vlT4IbQ=="
    }
  }
}
